
Microsoft Visual Studio Solution File, Format Version 12.00
# Visual Studio 15
Project("{FAE04EC0-301F-11D3-BF4B-00C04F79EFBC}") = "Unity_Deepth_Buffer_Visualizatio-For5.6.X-", "Unity_Deepth_Buffer_Visualizatio-For5.6.X-.csproj", "{B49346D3-2015-13C1-E370-249178B086F8}"
EndProject
Global
	GlobalSection(SolutionConfigurationPlatforms) = preSolution
		Debug|Any CPU = Debug|Any CPU
		Release|Any CPU = Release|Any CPU
	EndGlobalSection
	GlobalSection(ProjectConfigurationPlatforms) = postSolution
		{B49346D3-2015-13C1-E370-249178B086F8}.Debug|Any CPU.ActiveCfg = Debug|Any CPU
		{B49346D3-2015-13C1-E370-249178B086F8}.Debug|Any CPU.Build.0 = Debug|Any CPU
		{B49346D3-2015-13C1-E370-249178B086F8}.Release|Any CPU.ActiveCfg = Release|Any CPU
		{B49346D3-2015-13C1-E370-249178B086F8}.Release|Any CPU.Build.0 = Release|Any CPU
	EndGlobalSection
	GlobalSection(SolutionProperties) = preSolution
		HideSolutionNode = FALSE
	EndGlobalSection
EndGlobal
